
Microsoft Visual Studio Solution File, Format Version 12.00
# Visual Studio Version 17
VisualStudioVersion = 17.10.35013.160
MinimumVisualStudioVersion = 10.0.40219.1
Project("{FAE04EC0-301F-11D3-BF4B-00C04F79EFBC}") = "selection_sort", "selection_sort\selection_sort.csproj", "{5B396664-AB05-483E-8B70-AF97EC04E7A0}"
EndProject
Global
	GlobalSection(SolutionConfigurationPlatforms) = preSolution
		Debug|Any CPU = Debug|Any CPU
		Release|Any CPU = Release|Any CPU
	EndGlobalSection
	GlobalSection(ProjectConfigurationPlatforms) = postSolution
		{5B396664-AB05-483E-8B70-AF97EC04E7A0}.Debug|Any CPU.ActiveCfg = Debug|Any CPU
		{5B396664-AB05-483E-8B70-AF97EC04E7A0}.Debug|Any CPU.Build.0 = Debug|Any CPU
		{5B396664-AB05-483E-8B70-AF97EC04E7A0}.Release|Any CPU.ActiveCfg = Release|Any CPU
		{5B396664-AB05-483E-8B70-AF97EC04E7A0}.Release|Any CPU.Build.0 = Release|Any CPU
	EndGlobalSection
	GlobalSection(SolutionProperties) = preSolution
		HideSolutionNode = FALSE
	EndGlobalSection
	GlobalSection(ExtensibilityGlobals) = postSolution
		SolutionGuid = {B0E743BE-AF8D-48BE-87D4-1AE500BF197B}
	EndGlobalSection
EndGlobal
